
Microsoft Visual Studio Solution File, Format Version 12.00
Project("{FAE04EC0-301F-11D3-BF4B-00C04F79EFBC}") = "AfriPay", "AfriPay.csproj", "{1F4F60A5-A49D-48A0-B9DD-27D3106C12D3}"
EndProject
Project("{FAE04EC0-301F-11D3-BF4B-00C04F79EFBC}") = "AfriPay.Tests", "tests\AfriPay.Tests.csproj", "{A2B3C4D5-E6F7-4890-ABCD-EF1234567890}"
EndProject
Project("{2150E333-8FDC-42A3-9474-1A3956D46DE8}") = "Solution Items", "Solution Items", "{149063E7-3293-4B15-B5E3-9C05DAE3CEAC}"
	ProjectSection(SolutionItems) = preProject
		docker-compose.monitoring.yaml = docker-compose.monitoring.yaml
	EndProjectSection
EndProject
Global
	GlobalSection(SolutionConfigurationPlatforms) = preSolution
		Debug|Any CPU = Debug|Any CPU
		Release|Any CPU = Release|Any CPU
	EndGlobalSection
	GlobalSection(ProjectConfigurationPlatforms) = postSolution
		{1F4F60A5-A49D-48A0-B9DD-27D3106C12D3}.Debug|Any CPU.ActiveCfg = Debug|Any CPU
		{1F4F60A5-A49D-48A0-B9DD-27D3106C12D3}.Debug|Any CPU.Build.0 = Debug|Any CPU
		{1F4F60A5-A49D-48A0-B9DD-27D3106C12D3}.Release|Any CPU.ActiveCfg = Release|Any CPU
		{1F4F60A5-A49D-48A0-B9DD-27D3106C12D3}.Release|Any CPU.Build.0 = Release|Any CPU
		{A2B3C4D5-E6F7-4890-ABCD-EF1234567890}.Debug|Any CPU.ActiveCfg = Debug|Any CPU
		{A2B3C4D5-E6F7-4890-ABCD-EF1234567890}.Debug|Any CPU.Build.0 = Debug|Any CPU
		{A2B3C4D5-E6F7-4890-ABCD-EF1234567890}.Release|Any CPU.ActiveCfg = Release|Any CPU
		{A2B3C4D5-E6F7-4890-ABCD-EF1234567890}.Release|Any CPU.Build.0 = Release|Any CPU
	EndGlobalSection
EndGlobal
